
Microsoft Visual Studio Solution File, Format Version 12.00
# Visual Studio Version 16
VisualStudioVersion = 16.0.31911.196
MinimumVisualStudioVersion = 10.0.40219.1
Project("{FAE04EC0-301F-11D3-BF4B-00C04F79EFBC}") = "Beckhoff_VS_Visualisation", "Beckhoff_VS_Visualisation.csproj", "{6EFE4EE9-F213-4DAE-AB33-5CACFAFE3CC3}"
EndProject
Project("{2150E333-8FDC-42A3-9474-1A3956D46DE8}") = "Solution Items", "Solution Items", "{D89AABCE-3ABA-4786-8E23-454C74882749}"
	ProjectSection(SolutionItems) = preProject
		..\..\..\Desktop\GRAHAM\Assevaint\[TC3] Vision System Candia\Images\VS_1.png = ..\..\..\Desktop\GRAHAM\Assevaint\[TC3] Vision System Candia\Images\VS_1.png
	EndProjectSection
EndProject
Global
	GlobalSection(SolutionConfigurationPlatforms) = preSolution
		Debug|Any CPU = Debug|Any CPU
		Release|Any CPU = Release|Any CPU
	EndGlobalSection
	GlobalSection(ProjectConfigurationPlatforms) = postSolution
		{6EFE4EE9-F213-4DAE-AB33-5CACFAFE3CC3}.Debug|Any CPU.ActiveCfg = Debug|Any CPU
		{6EFE4EE9-F213-4DAE-AB33-5CACFAFE3CC3}.Debug|Any CPU.Build.0 = Debug|Any CPU
		{6EFE4EE9-F213-4DAE-AB33-5CACFAFE3CC3}.Release|Any CPU.ActiveCfg = Release|Any CPU
		{6EFE4EE9-F213-4DAE-AB33-5CACFAFE3CC3}.Release|Any CPU.Build.0 = Release|Any CPU
	EndGlobalSection
	GlobalSection(SolutionProperties) = preSolution
		HideSolutionNode = FALSE
	EndGlobalSection
	GlobalSection(ExtensibilityGlobals) = postSolution
		SolutionGuid = {7F1E0EFC-BC38-4FD1-B078-A739E13D53DC}
	EndGlobalSection
EndGlobal
