
Microsoft Visual Studio Solution File, Format Version 12.00
# Visual Studio Version 17
VisualStudioVersion = 17.2.32516.85
MinimumVisualStudioVersion = 10.0.40219.1
Project("{FAE04EC0-301F-11D3-BF4B-00C04F79EFBC}") = "Twincat_Visu_Ads", "Twincat_Visu_Ads\Twincat_Visu_Ads.csproj", "{00AFF441-6A0C-4E30-A3B1-E3F9EBBA02E8}"
EndProject
Global
	GlobalSection(SolutionConfigurationPlatforms) = preSolution
		Debug|Any CPU = Debug|Any CPU
		Release|Any CPU = Release|Any CPU
	EndGlobalSection
	GlobalSection(ProjectConfigurationPlatforms) = postSolution
		{00AFF441-6A0C-4E30-A3B1-E3F9EBBA02E8}.Debug|Any CPU.ActiveCfg = Debug|Any CPU
		{00AFF441-6A0C-4E30-A3B1-E3F9EBBA02E8}.Debug|Any CPU.Build.0 = Debug|Any CPU
		{00AFF441-6A0C-4E30-A3B1-E3F9EBBA02E8}.Release|Any CPU.ActiveCfg = Release|Any CPU
		{00AFF441-6A0C-4E30-A3B1-E3F9EBBA02E8}.Release|Any CPU.Build.0 = Release|Any CPU
	EndGlobalSection
	GlobalSection(SolutionProperties) = preSolution
		HideSolutionNode = FALSE
	EndGlobalSection
	GlobalSection(ExtensibilityGlobals) = postSolution
		SolutionGuid = {4C0CAB85-25D7-4A6A-B5E5-400665888A64}
	EndGlobalSection
EndGlobal
